
Microsoft Visual Studio Solution File, Format Version 12.00
# Visual Studio 15
Project("{FAE04EC0-301F-11D3-BF4B-00C04F79EFBC}") = "csharp_generics", "csharp_generics.csproj", "{D0F47E77-AAE3-4913-850A-BB60671F3F7C}"
EndProject
Global
	GlobalSection(SolutionConfigurationPlatforms) = preSolution
		Debug|Any CPU = Debug|Any CPU
		Release|Any CPU = Release|Any CPU
	EndGlobalSection
	GlobalSection(ProjectConfigurationPlatforms) = postSolution
		{D0F47E77-AAE3-4913-850A-BB60671F3F7C}.Debug|Any CPU.ActiveCfg = Debug|Any CPU
		{D0F47E77-AAE3-4913-850A-BB60671F3F7C}.Debug|Any CPU.Build.0 = Debug|Any CPU
		{D0F47E77-AAE3-4913-850A-BB60671F3F7C}.Release|Any CPU.ActiveCfg = Release|Any CPU
		{D0F47E77-AAE3-4913-850A-BB60671F3F7C}.Release|Any CPU.Build.0 = Release|Any CPU
	EndGlobalSection
EndGlobal
